<?xml version="1.0" encoding="utf-8"?>
<Project ToolsVersion="4.0" xmlns="http://schemas.microsoft.com/developer/msbuild/2003">
  <ItemGroup>
    <Filter Include="Source Files">
      <UniqueIdentifier>{4FC737F1-C7A5-4376-A066-2A32D752A2FF}</UniqueIdentifier>
      <Extensions>cpp;c;cc;cxx;def;odl;idl;hpj;bat;asm;asmx</Extensions>
    </Filter>
    <Filter Include="Header Files">
      <UniqueIdentifier>{93995380-89BD-4b04-88EB-625FBE52EBFB}</UniqueIdentifier>
      <Extensions>h;hh;hpp;hxx;hm;inl;inc;xsd</Extensions>
    </Filter>
    <Filter Include="Resource Files">
      <UniqueIdentifier>{67DA6AB6-F800-4c08-8B7A-83BB121AAD01}</UniqueIdentifier>
      <Extensions>rc;ico;cur;bmp;dlg;rc2;rct;bin;rgs;gif;jpg;jpeg;jpe;resx;tiff;tif;png;wav;mfcribbon-ms</Extensions>
    </Filter>
    <Filter Include="doc">
      <UniqueIdentifier>{d1c8b5c0-b1c1-4348-8ee5-7054322c9bc9}</UniqueIdentifier>
    </Filter>
    <Filter Include="doc\examples">
      <UniqueIdentifier>{3a8b4d59-97d2-4dde-9b99-710ca6c7e97c}</UniqueIdentifier>
    </Filter>
    <Filter Include="doc\licenses">
      <UniqueIdentifier>{7d5df763-5a5d-4b1c-aede-81fe65049733}</UniqueIdentifier>
    </Filter>
    <Filter Include="Header Files\Controller">
      <UniqueIdentifier>{1fd03420-2cd1-481d-b165-522ca1653d89}</UniqueIdentifier>
    </Filter>
    <Filter Include="Header Files\Var">
      <UniqueIdentifier>{ab52063e-e91e-40ab-9b5d-6821287608aa}</UniqueIdentifier>
    </Filter>
    <Filter Include="Header Files\Charmap">
      <UniqueIdentifier>{c4fc1876-9c34-46c3-8d97-f1cb9f0ba258}</UniqueIdentifier>
    </Filter>
    <Filter Include="Header Files\UI">
      <UniqueIdentifier>{c0e63d9c-8a75-4c11-9681-4141e34c00fb}</UniqueIdentifier>
    </Filter>
    <Filter Include="Source Files\Charmap">
      <UniqueIdentifier>{794f8827-f9b4-4f36-9bc4-8c860ae0d203}</UniqueIdentifier>
    </Filter>
    <Filter Include="Source Files\Controller">
      <UniqueIdentifier>{57472972-625c-43fa-9b21-babf525e7de3}</UniqueIdentifier>
    </Filter>
    <Filter Include="Source Files\Settings">
      <UniqueIdentifier>{7f115b37-de07-4a38-a4e0-40e724014f0d}</UniqueIdentifier>
    </Filter>
    <Filter Include="Source Files\UI">
      <UniqueIdentifier>{d23533c6-e6d8-4926-9134-584acff539e1}</UniqueIdentifier>
    </Filter>
    <Filter Include="Source Files\Var">
      <UniqueIdentifier>{66137f60-2a61-4319-892b-94552ed66032}</UniqueIdentifier>
    </Filter>
    <Filter Include="Header Files\Charmap\SymsFilters">
      <UniqueIdentifier>{a7022d2d-bd00-4af0-bd07-618193e941a5}</UniqueIdentifier>
    </Filter>
    <Filter Include="Source Files\Charmap\SymsFilters">
      <UniqueIdentifier>{3b8bb52a-0ae4-4559-a4fe-f696f63def4d}</UniqueIdentifier>
    </Filter>
    <Filter Include="Header Files\Controller\TransformEngine">
      <UniqueIdentifier>{a7c06a37-afcf-4abf-9d26-448f84d69ed0}</UniqueIdentifier>
    </Filter>
    <Filter Include="Header Files\Controller\TransformEngine\Image">
      <UniqueIdentifier>{979eb4ee-4faf-4e98-ba16-957b5ba1d226}</UniqueIdentifier>
    </Filter>
    <Filter Include="Header Files\Controller\TransformEngine\MatchEngine">
      <UniqueIdentifier>{79578266-0a57-4884-b029-951c6e1cabef}</UniqueIdentifier>
    </Filter>
    <Filter Include="Header Files\Settings">
      <UniqueIdentifier>{c630912c-f278-4ebc-9777-8526200cb388}</UniqueIdentifier>
    </Filter>
    <Filter Include="Source Files\Controller\TransformEngine">
      <UniqueIdentifier>{0121eebd-760d-40cc-9975-7d5c1395d480}</UniqueIdentifier>
    </Filter>
    <Filter Include="Source Files\Controller\TransformEngine\Image">
      <UniqueIdentifier>{210291f7-7322-4def-b33f-f478654445b5}</UniqueIdentifier>
    </Filter>
    <Filter Include="Source Files\Controller\TransformEngine\MatchEngine">
      <UniqueIdentifier>{b996ecf8-cb16-4176-b030-9a813f5f9d0d}</UniqueIdentifier>
    </Filter>
    <Filter Include="Header Files\Testing">
      <UniqueIdentifier>{bc1f7c78-0efb-4167-857f-a7dc82f9fb59}</UniqueIdentifier>
    </Filter>
    <Filter Include="Source Files\Testing">
      <UniqueIdentifier>{6325a6bb-5ad1-42f8-97c2-7958a8a22895}</UniqueIdentifier>
    </Filter>
    <Filter Include="Header Files\Charmap\Clustering">
      <UniqueIdentifier>{ca90c6ac-862a-4e96-9b80-e619ed76f38d}</UniqueIdentifier>
    </Filter>
    <Filter Include="Source Files\Charmap\Clustering">
      <UniqueIdentifier>{a48bec4c-a5a6-4e44-b917-45d9fc90a3c8}</UniqueIdentifier>
    </Filter>
    <Filter Include="Header Files\Var\Blurring">
      <UniqueIdentifier>{994d14ce-dbf3-472f-bc28-ddf3fda39cd7}</UniqueIdentifier>
    </Filter>
    <Filter Include="Source Files\Var\Blurring">
      <UniqueIdentifier>{4b9536e8-1464-4c60-9064-659214ce3fae}</UniqueIdentifier>
    </Filter>
  </ItemGroup>
  <ItemGroup>
    <Text Include="res\defaultMatchSettings.txt">
      <Filter>Resource Files</Filter>
    </Text>
    <Text Include="README.md" />
    <Text Include="doc\licenses\Boost.lic">
      <Filter>doc\licenses</Filter>
    </Text>
    <Text Include="doc\licenses\OpenCV.lic">
      <Filter>doc\licenses</Filter>
    </Text>
    <Text Include="doc\licenses\FTL.TXT">
      <Filter>doc\licenses</Filter>
    </Text>
    <Text Include="res\varConfig.txt">
      <Filter>Resource Files</Filter>
    </Text>
  </ItemGroup>
  <ItemGroup>
    <ClInclude Include="src\symFilter.h">
      <Filter>Header Files\Charmap\SymsFilters</Filter>
    </ClInclude>
    <ClInclude Include="src\symFilterBase.h">
      <Filter>Header Files\Charmap\SymsFilters</Filter>
    </ClInclude>
    <ClInclude Include="src\symFilterCache.h">
      <Filter>Header Files\Charmap\SymsFilters</Filter>
    </ClInclude>
    <ClInclude Include="src\gridBarsFilter.h">
      <Filter>Header Files\Charmap\SymsFilters</Filter>
    </ClInclude>
    <ClInclude Include="src\bulkySymsFilter.h">
      <Filter>Header Files\Charmap\SymsFilters</Filter>
    </ClInclude>
    <ClInclude Include="src\unreadableSymsFilter.h">
      <Filter>Header Files\Charmap\SymsFilters</Filter>
    </ClInclude>
    <ClInclude Include="src\filledRectanglesFilter.h">
      <Filter>Header Files\Charmap\SymsFilters</Filter>
    </ClInclude>
    <ClInclude Include="src\controlPanel.h">
      <Filter>Header Files\UI</Filter>
    </ClInclude>
    <ClInclude Include="src\dlgs.h">
      <Filter>Header Files\UI</Filter>
    </ClInclude>
    <ClInclude Include="src\controlPanelActions.h">
      <Filter>Header Files\Controller</Filter>
    </ClInclude>
    <ClInclude Include="src\glyphsProgressTracker.h">
      <Filter>Header Files\Controller</Filter>
    </ClInclude>
    <ClInclude Include="src\controllerBase.h">
      <Filter>Header Files\Controller</Filter>
    </ClInclude>
    <ClInclude Include="src\controller.h">
      <Filter>Header Files\Controller</Filter>
    </ClInclude>
    <ClInclude Include="src\presentCmap.h">
      <Filter>Header Files\Controller</Filter>
    </ClInclude>
    <ClInclude Include="src\picTransformProgressTracker.h">
      <Filter>Header Files\Controller</Filter>
    </ClInclude>
    <ClInclude Include="src\validateFont.h">
      <Filter>Header Files\Controller</Filter>
    </ClInclude>
    <ClInclude Include="src\updateSymsActions.h">
      <Filter>Header Files\UI</Filter>
    </ClInclude>
    <ClInclude Include="src\misc.h">
      <Filter>Header Files\Var</Filter>
    </ClInclude>
    <ClInclude Include="src\ompTrace.h">
      <Filter>Header Files\Var</Filter>
    </ClInclude>
    <ClInclude Include="src\timing.h">
      <Filter>Header Files\Var</Filter>
    </ClInclude>
    <ClInclude Include="src\propsReader.h">
      <Filter>Header Files\Var</Filter>
    </ClInclude>
    <ClInclude Include="src\views.h">
      <Filter>Header Files\UI</Filter>
    </ClInclude>
    <ClInclude Include="src\match.h">
      <Filter>Header Files\Controller\TransformEngine\MatchEngine</Filter>
    </ClInclude>
    <ClInclude Include="src\matchAspects.h">
      <Filter>Header Files\Controller\TransformEngine\MatchEngine</Filter>
    </ClInclude>
    <ClInclude Include="src\matchAspectsFactory.h">
      <Filter>Header Files\Controller\TransformEngine\MatchEngine</Filter>
    </ClInclude>
    <ClInclude Include="src\matchEngine.h">
      <Filter>Header Files\Controller\TransformEngine\MatchEngine</Filter>
    </ClInclude>
    <ClInclude Include="src\matchParams.h">
      <Filter>Header Files\Controller\TransformEngine\MatchEngine</Filter>
    </ClInclude>
    <ClInclude Include="src\settings.h">
      <Filter>Header Files\Settings</Filter>
    </ClInclude>
    <ClInclude Include="src\imgSettings.h">
      <Filter>Header Files\Settings</Filter>
    </ClInclude>
    <ClInclude Include="src\symSettings.h">
      <Filter>Header Files\Settings</Filter>
    </ClInclude>
    <ClInclude Include="src\matchSettings.h">
      <Filter>Header Files\Settings</Filter>
    </ClInclude>
    <ClInclude Include="src\matchSettingsManip.h">
      <Filter>Header Files\Settings</Filter>
    </ClInclude>
    <ClInclude Include="src\fontEngine.h">
      <Filter>Header Files\Charmap</Filter>
    </ClInclude>
    <ClInclude Include="src\pixMapSym.h">
      <Filter>Header Files\Charmap</Filter>
    </ClInclude>
    <ClInclude Include="src\transform.h">
      <Filter>Header Files\Controller\TransformEngine</Filter>
    </ClInclude>
    <ClInclude Include="src\transformTrace.h">
      <Filter>Header Files\Controller\TransformEngine</Filter>
    </ClInclude>
    <ClInclude Include="src\cachedData.h">
      <Filter>Header Files\Controller\TransformEngine</Filter>
    </ClInclude>
    <ClInclude Include="src\img.h">
      <Filter>Header Files\Controller\TransformEngine\Image</Filter>
    </ClInclude>
    <ClInclude Include="src\patch.h">
      <Filter>Header Files\Controller\TransformEngine\Image</Filter>
    </ClInclude>
    <ClInclude Include="src\appState.h">
      <Filter>Header Files\UI</Filter>
    </ClInclude>
    <ClInclude Include="src\sievesSymsFilter.h">
      <Filter>Header Files\Charmap\SymsFilters</Filter>
    </ClInclude>
    <ClInclude Include="src\symsSerialization.h">
      <Filter>Header Files\Testing</Filter>
    </ClInclude>
    <ClInclude Include="src\symData.h">
      <Filter>Header Files\Charmap</Filter>
    </ClInclude>
    <ClInclude Include="src\clusterData.h">
      <Filter>Header Files\Charmap\Clustering</Filter>
    </ClInclude>
    <ClInclude Include="src\clusterEngine.h">
      <Filter>Header Files\Charmap\Clustering</Filter>
    </ClInclude>
    <ClInclude Include="src\clusterAlg.h">
      <Filter>Header Files\Charmap\Clustering</Filter>
    </ClInclude>
    <ClInclude Include="src\partitionClustering.h">
      <Filter>Header Files\Charmap\Clustering</Filter>
    </ClInclude>
    <ClInclude Include="src\ttsasClustering.h">
      <Filter>Header Files\Charmap\Clustering</Filter>
    </ClInclude>
    <ClInclude Include="src\noClustering.h">
      <Filter>Header Files\Charmap\Clustering</Filter>
    </ClInclude>
    <ClInclude Include="src\jobMonitor.h">
      <Filter>Header Files\UI</Filter>
    </ClInclude>
    <ClInclude Include="src\taskMonitor.h">
      <Filter>Header Files\UI</Filter>
    </ClInclude>
    <ClInclude Include="src\progressNotifier.h">
      <Filter>Header Files\UI</Filter>
    </ClInclude>
    <ClInclude Include="src\jobMonitorBase.h">
      <Filter>Header Files\UI</Filter>
    </ClInclude>
    <ClInclude Include="src\taskMonitorBase.h">
      <Filter>Header Files\UI</Filter>
    </ClInclude>
    <ClInclude Include="src\study.h">
      <Filter>Header Files\Testing</Filter>
    </ClInclude>
    <ClInclude Include="src\blur.h">
      <Filter>Header Files\Var\Blurring</Filter>
    </ClInclude>
    <ClInclude Include="src\boxBlur.h">
      <Filter>Header Files\Var\Blurring</Filter>
    </ClInclude>
    <ClInclude Include="src\extBoxBlur.h">
      <Filter>Header Files\Var\Blurring</Filter>
    </ClInclude>
    <ClInclude Include="src\gaussBlur.h">
      <Filter>Header Files\Var\Blurring</Filter>
    </ClInclude>
    <ClInclude Include="src\structuralSimilarity.h">
      <Filter>Header Files\Controller\TransformEngine\MatchEngine</Filter>
    </ClInclude>
    <ClInclude Include="src\stackBlur.h">
      <Filter>Header Files\Var\Blurring</Filter>
    </ClInclude>
    <ClInclude Include="src\appStart.h">
      <Filter>Header Files\Var</Filter>
    </ClInclude>
    <ClInclude Include="src\clusterSerialization.h">
      <Filter>Header Files\Charmap\Clustering</Filter>
    </ClInclude>
    <ClInclude Include="src\tinySym.h">
      <Filter>Header Files\Charmap</Filter>
    </ClInclude>
    <ClInclude Include="src\tinySymsProvider.h">
      <Filter>Header Files\Charmap</Filter>
    </ClInclude>
    <ClInclude Include="src\tinySymsDataSerialization.h">
      <Filter>Header Files\Charmap</Filter>
    </ClInclude>
    <ClInclude Include="src\matSerialization.h">
      <Filter>Header Files\Var</Filter>
    </ClInclude>
    <ClInclude Include="src\serializer.h">
      <Filter>Header Files\Var</Filter>
    </ClInclude>
    <ClInclude Include="src\preselectSyms.h">
      <Filter>Header Files\Controller\TransformEngine</Filter>
    </ClInclude>
    <ClInclude Include="src\compressOption.h">
      <Filter>Header Files\Var</Filter>
    </ClInclude>
    <ClInclude Include="src\countSkippedAspects.h">
      <Filter>Header Files\Controller\TransformEngine\MatchEngine</Filter>
    </ClInclude>
    <ClInclude Include="src\ompTraceSwitch.h">
      <Filter>Header Files\Var</Filter>
    </ClInclude>
  </ItemGroup>
  <ItemGroup>
    <ClCompile Include="src\main.cpp">
      <Filter>Source Files</Filter>
    </ClCompile>
    <ClCompile Include="src\symFilter.cpp">
      <Filter>Source Files\Charmap\SymsFilters</Filter>
    </ClCompile>
    <ClCompile Include="src\filledRectanglesFilter.cpp">
      <Filter>Source Files\Charmap\SymsFilters</Filter>
    </ClCompile>
    <ClCompile Include="src\gridBarsFilter.cpp">
      <Filter>Source Files\Charmap\SymsFilters</Filter>
    </ClCompile>
    <ClCompile Include="src\bulkySymsFilter.cpp">
      <Filter>Source Files\Charmap\SymsFilters</Filter>
    </ClCompile>
    <ClCompile Include="src\unreadableSymsFilter.cpp">
      <Filter>Source Files\Charmap\SymsFilters</Filter>
    </ClCompile>
    <ClCompile Include="src\misc.cpp">
      <Filter>Source Files\Var</Filter>
    </ClCompile>
    <ClCompile Include="src\timing.cpp">
      <Filter>Source Files\Var</Filter>
    </ClCompile>
    <ClCompile Include="src\propsReader.cpp">
      <Filter>Source Files\Var</Filter>
    </ClCompile>
    <ClCompile Include="src\transformTrace.cpp">
      <Filter>Source Files\Controller\TransformEngine</Filter>
    </ClCompile>
    <ClCompile Include="src\transform.cpp">
      <Filter>Source Files\Controller\TransformEngine</Filter>
    </ClCompile>
    <ClCompile Include="src\views.cpp">
      <Filter>Source Files\UI</Filter>
    </ClCompile>
    <ClCompile Include="src\img.cpp">
      <Filter>Source Files\Controller\TransformEngine\Image</Filter>
    </ClCompile>
    <ClCompile Include="src\patch.cpp">
      <Filter>Source Files\Controller\TransformEngine\Image</Filter>
    </ClCompile>
    <ClCompile Include="src\match.cpp">
      <Filter>Source Files\Controller\TransformEngine\MatchEngine</Filter>
    </ClCompile>
    <ClCompile Include="src\matchAspectsFactory.cpp">
      <Filter>Source Files\Controller\TransformEngine\MatchEngine</Filter>
    </ClCompile>
    <ClCompile Include="src\matchEngine.cpp">
      <Filter>Source Files\Controller\TransformEngine\MatchEngine</Filter>
    </ClCompile>
    <ClCompile Include="src\matchParams.cpp">
      <Filter>Source Files\Controller\TransformEngine\MatchEngine</Filter>
    </ClCompile>
    <ClCompile Include="src\matchSettings.cpp">
      <Filter>Source Files\Settings</Filter>
    </ClCompile>
    <ClCompile Include="src\matchSettingsManip.cpp">
      <Filter>Source Files\Settings</Filter>
    </ClCompile>
    <ClCompile Include="src\symSettings.cpp">
      <Filter>Source Files\Settings</Filter>
    </ClCompile>
    <ClCompile Include="src\varConfig.cpp">
      <Filter>Source Files\Settings</Filter>
    </ClCompile>
    <ClCompile Include="src\controlPanel.cpp">
      <Filter>Source Files\UI</Filter>
    </ClCompile>
    <ClCompile Include="src\dlgs.cpp">
      <Filter>Source Files\UI</Filter>
    </ClCompile>
    <ClCompile Include="src\presentation.cpp">
      <Filter>Source Files\UI</Filter>
    </ClCompile>
    <ClCompile Include="src\pixMapSym.cpp">
      <Filter>Source Files\Charmap</Filter>
    </ClCompile>
    <ClCompile Include="src\fontEngine.cpp">
      <Filter>Source Files\Charmap</Filter>
    </ClCompile>
    <ClCompile Include="src\controller.cpp">
      <Filter>Source Files\Controller</Filter>
    </ClCompile>
    <ClCompile Include="src\structuralSimilarity.cpp">
      <Filter>Source Files\Controller\TransformEngine\MatchEngine</Filter>
    </ClCompile>
    <ClCompile Include="src\cachedData.cpp">
      <Filter>Source Files\Controller\TransformEngine</Filter>
    </ClCompile>
    <ClCompile Include="src\appState.cpp">
      <Filter>Source Files\UI</Filter>
    </ClCompile>
    <ClCompile Include="src\sievesSymsFilter.cpp">
      <Filter>Source Files\Charmap\SymsFilters</Filter>
    </ClCompile>
    <ClCompile Include="src\symsSerialization.cpp">
      <Filter>Source Files\Testing</Filter>
    </ClCompile>
    <ClCompile Include="src\symData.cpp">
      <Filter>Source Files\Charmap</Filter>
    </ClCompile>
    <ClCompile Include="src\clusterEngine.cpp">
      <Filter>Source Files\Charmap\Clustering</Filter>
    </ClCompile>
    <ClCompile Include="src\clusterAlg.cpp">
      <Filter>Source Files\Charmap\Clustering</Filter>
    </ClCompile>
    <ClCompile Include="src\partitionClustering.cpp">
      <Filter>Source Files\Charmap\Clustering</Filter>
    </ClCompile>
    <ClCompile Include="src\ttsasClustering.cpp">
      <Filter>Source Files\Charmap\Clustering</Filter>
    </ClCompile>
    <ClCompile Include="src\noClustering.cpp">
      <Filter>Source Files\Charmap\Clustering</Filter>
    </ClCompile>
    <ClCompile Include="src\jobMonitor.cpp">
      <Filter>Source Files\UI</Filter>
    </ClCompile>
    <ClCompile Include="src\taskMonitor.cpp">
      <Filter>Source Files\UI</Filter>
    </ClCompile>
    <ClCompile Include="src\study.cpp">
      <Filter>Source Files\Testing</Filter>
    </ClCompile>
    <ClCompile Include="src\boxBlur.cpp">
      <Filter>Source Files\Var\Blurring</Filter>
    </ClCompile>
    <ClCompile Include="src\blur.cpp">
      <Filter>Source Files\Var\Blurring</Filter>
    </ClCompile>
    <ClCompile Include="src\extBoxBlur.cpp">
      <Filter>Source Files\Var\Blurring</Filter>
    </ClCompile>
    <ClCompile Include="src\gaussBlur.cpp">
      <Filter>Source Files\Var\Blurring</Filter>
    </ClCompile>
    <ClCompile Include="src\stackBlur.cpp">
      <Filter>Source Files\Var\Blurring</Filter>
    </ClCompile>
    <ClCompile Include="src\appStart.cpp">
      <Filter>Source Files\Var</Filter>
    </ClCompile>
    <ClCompile Include="src\clusterSerialization.cpp">
      <Filter>Source Files\Charmap\Clustering</Filter>
    </ClCompile>
    <ClCompile Include="src\tinySym.cpp">
      <Filter>Source Files\Charmap</Filter>
    </ClCompile>
    <ClCompile Include="src\tinySymsProvider.cpp">
      <Filter>Source Files\Charmap</Filter>
    </ClCompile>
    <ClCompile Include="src\tinySymsDataSerialization.cpp">
      <Filter>Source Files\Charmap</Filter>
    </ClCompile>
    <ClCompile Include="src\zlib.cpp">
      <Filter>Source Files\Var</Filter>
    </ClCompile>
    <ClCompile Include="src\preselectSyms.cpp">
      <Filter>Source Files\Controller\TransformEngine</Filter>
    </ClCompile>
  </ItemGroup>
  <ItemGroup>
    <None Include="Pic2Sym.licenseheader" />
    <None Include="doc\appendix.md">
      <Filter>doc</Filter>
    </None>
    <None Include="doc\conclusions.md">
      <Filter>doc</Filter>
    </None>
    <None Include="doc\CtrlPanel.md">
      <Filter>doc</Filter>
    </None>
    <None Include="doc\performance.md">
      <Filter>doc</Filter>
    </None>
    <None Include="doc\relatedWork.md">
      <Filter>doc</Filter>
    </None>
    <None Include="doc\results.md">
      <Filter>doc</Filter>
    </None>
    <None Include="doc\testBinary.md">
      <Filter>doc</Filter>
    </None>
    <None Include="doc\UnitTesting.md">
      <Filter>doc</Filter>
    </None>
    <None Include="doc\licenses\zlib.lic">
      <Filter>doc\licenses</Filter>
    </None>
  </ItemGroup>
  <ItemGroup>
    <Image Include="res\NoImage.jpg">
      <Filter>Resource Files</Filter>
    </Image>
    <Image Include="doc\examples\1.jpg">
      <Filter>doc\examples</Filter>
    </Image>
    <Image Include="doc\examples\1_BPmono_Bold_UNICODE_10_0_0.25_1_0.75_0.1_0.2_0.2_0.1_0_2030_1350.jpg">
      <Filter>doc\examples</Filter>
    </Image>
    <Image Include="doc\examples\1_BPmono_Bold_UNICODE_10_2.5_0_0_0_0_0_0_0_0_2030_1350.jpg">
      <Filter>doc\examples</Filter>
    </Image>
    <Image Include="doc\examples\6.jpg">
      <Filter>doc\examples</Filter>
    </Image>
    <Image Include="doc\examples\6_BPmono_Bold_APPLE_ROMAN_10_2.5_0.25_1_0.75_0.1_0.2_0.2_0.1_0_2040_1350.jpg">
      <Filter>doc\examples</Filter>
    </Image>
    <Image Include="doc\examples\6_Envy Code R_Regular_APPLE_ROMAN_10_2.5_0.25_1_0.75_0.1_0.2_0.2_0.1_0_2040_1350.jpg">
      <Filter>doc\examples</Filter>
    </Image>
    <Image Include="doc\examples\6_ProFontWindows_Regular_APPLE_ROMAN_10_2.5_0.25_1_0.75_0.1_0.2_0.2_0.1_0_2040_1350.jpg">
      <Filter>doc\examples</Filter>
    </Image>
    <Image Include="doc\examples\7g.jpg">
      <Filter>doc\examples</Filter>
    </Image>
    <Image Include="doc\examples\7g_Consolas_Italic_APPLE_ROMAN_10_2.5_0_0_0_0_0_0_0_0_1350_2030.jpg">
      <Filter>doc\examples</Filter>
    </Image>
    <Image Include="doc\examples\13.jpg">
      <Filter>doc\examples</Filter>
    </Image>
    <Image Include="doc\examples\13_Anonymous Pro_Bold_APPLE_ROMAN_10_2.5_0.25_1_0.75_0.1_0.2_0.2_0.1_0_2040_1350.jpg">
      <Filter>doc\examples</Filter>
    </Image>
    <Image Include="doc\examples\15.jpg">
      <Filter>doc\examples</Filter>
    </Image>
    <Image Include="doc\examples\15_Monaco_Regular_UNICODE_10_2.5_0_0_0_0_0_0_0_0_2040_1350.jpg">
      <Filter>doc\examples</Filter>
    </Image>
    <Image Include="doc\examples\17g.bmp">
      <Filter>doc\examples</Filter>
    </Image>
    <Image Include="doc\examples\17g_Courier New_Bold Italic_APPLE_ROMAN_10_0_0.25_1_0.75_0.1_0.2_0.2_0.1_0_250_250.jpg">
      <Filter>doc\examples</Filter>
    </Image>
    <Image Include="doc\ClassDiag.jpg">
      <Filter>doc</Filter>
    </Image>
    <Image Include="doc\CmapViewer.jpg">
      <Filter>doc</Filter>
    </Image>
    <Image Include="doc\CtrlPanel.jpg">
      <Filter>doc</Filter>
    </Image>
    <Image Include="doc\CtrlPanelAndInstructions.jpg">
      <Filter>doc</Filter>
    </Image>
    <Image Include="doc\EndOfTransformation.jpg">
      <Filter>doc</Filter>
    </Image>
    <Image Include="doc\Example1.jpg">
      <Filter>doc</Filter>
    </Image>
    <Image Include="doc\Example2.jpg">
      <Filter>doc</Filter>
    </Image>
    <Image Include="doc\Example3.jpg">
      <Filter>doc</Filter>
    </Image>
    <Image Include="doc\Example4.jpg">
      <Filter>doc</Filter>
    </Image>
    <Image Include="doc\Example5.jpg">
      <Filter>doc</Filter>
    </Image>
    <Image Include="doc\Example6.jpg">
      <Filter>doc</Filter>
    </Image>
    <Image Include="doc\Example7.jpg">
      <Filter>doc</Filter>
    </Image>
    <Image Include="doc\Example8.jpg">
      <Filter>doc</Filter>
    </Image>
    <Image Include="doc\Example9.jpg">
      <Filter>doc</Filter>
    </Image>
    <Image Include="doc\MainAfterTransform.jpg">
      <Filter>doc</Filter>
    </Image>
    <Image Include="doc\MismatchesUnitTesting.jpg">
      <Filter>doc</Filter>
    </Image>
    <Image Include="doc\ProfileCallerCallee.jpg">
      <Filter>doc</Filter>
    </Image>
    <Image Include="doc\ProfileFunctionDetails.jpg">
      <Filter>doc</Filter>
    </Image>
    <Image Include="doc\ProfileSummary.jpg">
      <Filter>doc</Filter>
    </Image>
    <Image Include="doc\ProfileFunctionDetails1.2_BlurWeight.jpg">
      <Filter>doc</Filter>
    </Image>
    <Image Include="doc\ProfileFunctionDetails1.2_SSimWeight.jpg">
      <Filter>doc</Filter>
    </Image>
  </ItemGroup>
</Project>