<?xml version="1.0" encoding="utf-8"?>
<Project ToolsVersion="4.0" xmlns="http://schemas.microsoft.com/developer/msbuild/2003">
  <ItemGroup>
    <Filter Include="Source Files">
      <UniqueIdentifier>{4FC737F1-C7A5-4376-A066-2A32D752A2FF}</UniqueIdentifier>
      <Extensions>cpp;c;cc;cxx;def;odl;idl;hpj;bat;asm;asmx</Extensions>
    </Filter>
    <Filter Include="Header Files">
      <UniqueIdentifier>{93995380-89BD-4b04-88EB-625FBE52EBFB}</UniqueIdentifier>
      <Extensions>h;hh;hpp;hxx;hm;inl;inc;xsd</Extensions>
    </Filter>
    <Filter Include="Resource Files">
      <UniqueIdentifier>{67DA6AB6-F800-4c08-8B7A-83BB121AAD01}</UniqueIdentifier>
      <Extensions>rc;ico;cur;bmp;dlg;rc2;rct;bin;rgs;gif;jpg;jpeg;jpe;resx;tiff;tif;png;wav;mfcribbon-ms</Extensions>
    </Filter>
    <Filter Include="Resource Files\SymFilters">
      <UniqueIdentifier>{e6075443-c644-42f8-ade6-7cfcdef828c3}</UniqueIdentifier>
    </Filter>
    <Filter Include="Header Files\TestFiles">
      <UniqueIdentifier>{395DEAFC-34D3-4C76-A523-DAEA56510557}</UniqueIdentifier>
    </Filter>
    <Filter Include="Source Files\TestFiles">
      <UniqueIdentifier>{d9c885f6-88fe-4e62-9bac-34afcb1fb353}</UniqueIdentifier>
    </Filter>
  </ItemGroup>
  <ItemGroup>
    <ClCompile Include="test\testFontEngine.cpp">
      <Filter>Source Files\TestFiles</Filter>
    </ClCompile>
    <ClCompile Include="test\testMain.cpp">
      <Filter>Source Files\TestFiles</Filter>
    </ClCompile>
    <ClCompile Include="test\testController.cpp">
      <Filter>Source Files\TestFiles</Filter>
    </ClCompile>
    <ClCompile Include="test\testMatch.cpp">
      <Filter>Source Files\TestFiles</Filter>
    </ClCompile>
    <ClCompile Include="test\testSymFilters.cpp">
      <Filter>Source Files\TestFiles</Filter>
    </ClCompile>
    <ClCompile Include="test\testClustering.cpp">
      <Filter>Source Files\TestFiles</Filter>
    </ClCompile>
  </ItemGroup>
  <ItemGroup>
    <None Include="Pic2Sym.licenseheader" />
    <None Include="res\vga855.fon">
      <Filter>Resource Files</Filter>
    </None>
  </ItemGroup>
  <ItemGroup>
    <ClInclude Include="test\testMain.h">
      <Filter>Header Files\TestFiles</Filter>
    </ClInclude>
    <ClInclude Include="test\mockDlgs.h">
      <Filter>Header Files\TestFiles</Filter>
    </ClInclude>
    <ClInclude Include="test\mockUi.h">
      <Filter>Header Files\TestFiles</Filter>
    </ClInclude>
    <ClInclude Include="test\preselectionHelper.h">
      <Filter>Header Files\TestFiles</Filter>
    </ClInclude>
    <ClInclude Include="test\fileIterationHelper.h">
      <Filter>Header Files\TestFiles</Filter>
    </ClInclude>
  </ItemGroup>
  <ItemGroup>
    <Font Include="res\BPmonoBold.ttf">
      <Filter>Resource Files</Filter>
    </Font>
  </ItemGroup>
  <ItemGroup>
    <Text Include="res\TestSymFilters\bulkyNegatives.txt">
      <Filter>Resource Files\SymFilters</Filter>
    </Text>
    <Text Include="res\TestSymFilters\bulkyPositives.txt">
      <Filter>Resource Files\SymFilters</Filter>
    </Text>
    <Text Include="res\TestSymFilters\filledRectanglesNegatives.txt">
      <Filter>Resource Files\SymFilters</Filter>
    </Text>
    <Text Include="res\TestSymFilters\filledRectanglesPositives.txt">
      <Filter>Resource Files\SymFilters</Filter>
    </Text>
    <Text Include="res\TestSymFilters\gridBarsNegatives.txt">
      <Filter>Resource Files\SymFilters</Filter>
    </Text>
    <Text Include="res\TestSymFilters\gridBarsPositives.txt">
      <Filter>Resource Files\SymFilters</Filter>
    </Text>
    <Text Include="res\TestSymFilters\sievesNegatives.txt">
      <Filter>Resource Files\SymFilters</Filter>
    </Text>
    <Text Include="res\TestSymFilters\sievesPositives.txt">
      <Filter>Resource Files\SymFilters</Filter>
    </Text>
    <Text Include="res\TestSymFilters\unreadableNegatives.txt">
      <Filter>Resource Files\SymFilters</Filter>
    </Text>
    <Text Include="res\TestSymFilters\unreadablePositives.txt">
      <Filter>Resource Files\SymFilters</Filter>
    </Text>
  </ItemGroup>
</Project>