<?xml version="1.0" encoding="utf-8"?>
<Project ToolsVersion="4.0" xmlns="http://schemas.microsoft.com/developer/msbuild/2003">
  <ItemGroup>
    <Filter Include="Source Files">
      <UniqueIdentifier>{4FC737F1-C7A5-4376-A066-2A32D752A2FF}</UniqueIdentifier>
      <Extensions>cpp;c;cc;cxx;def;odl;idl;hpj;bat;asm;asmx</Extensions>
    </Filter>
    <Filter Include="Header Files">
      <UniqueIdentifier>{93995380-89BD-4b04-88EB-625FBE52EBFB}</UniqueIdentifier>
      <Extensions>h;hh;hpp;hxx;hm;inl;inc;xsd</Extensions>
    </Filter>
    <Filter Include="Resource Files">
      <UniqueIdentifier>{67DA6AB6-F800-4c08-8B7A-83BB121AAD01}</UniqueIdentifier>
      <Extensions>rc;ico;cur;bmp;dlg;rc2;rct;bin;rgs;gif;jpg;jpeg;jpe;resx;tiff;tif;png;wav;mfcribbon-ms</Extensions>
    </Filter>
    <Filter Include="Resource Files\SymFilters">
      <UniqueIdentifier>{e6075443-c644-42f8-ade6-7cfcdef828c3}</UniqueIdentifier>
    </Filter>
    <Filter Include="Header Files\Pic2Sym">
      <UniqueIdentifier>{395DEAFC-34D3-4C76-A523-DAEA56510557}</UniqueIdentifier>
    </Filter>
    <Filter Include="Source Files\Pic2Sym">
      <UniqueIdentifier>{d9c885f6-88fe-4e62-9bac-34afcb1fb353}</UniqueIdentifier>
    </Filter>
  </ItemGroup>
  <ItemGroup>
    <ClCompile Include="test\testFontEngine.cpp">
      <Filter>Source Files</Filter>
    </ClCompile>
    <ClCompile Include="test\testMain.cpp">
      <Filter>Source Files</Filter>
    </ClCompile>
    <ClCompile Include="test\testController.cpp">
      <Filter>Source Files</Filter>
    </ClCompile>
    <ClCompile Include="test\testMatch.cpp">
      <Filter>Source Files</Filter>
    </ClCompile>
    <ClCompile Include="test\testSymFilters.cpp">
      <Filter>Source Files</Filter>
    </ClCompile>
    <ClCompile Include="test\testClustering.cpp">
      <Filter>Source Files</Filter>
    </ClCompile>
    <ClCompile Include="src\varConfig.cpp">
      <Filter>Source Files\Pic2Sym</Filter>
    </ClCompile>
    <ClCompile Include="src\unreadableSymsFilter.cpp">
      <Filter>Source Files\Pic2Sym</Filter>
    </ClCompile>
    <ClCompile Include="src\ttsasClustering.cpp">
      <Filter>Source Files\Pic2Sym</Filter>
    </ClCompile>
    <ClCompile Include="src\transformTrace.cpp">
      <Filter>Source Files\Pic2Sym</Filter>
    </ClCompile>
    <ClCompile Include="src\transformSupportWithPreselection.cpp">
      <Filter>Source Files\Pic2Sym</Filter>
    </ClCompile>
    <ClCompile Include="src\transformSupport.cpp">
      <Filter>Source Files\Pic2Sym</Filter>
    </ClCompile>
    <ClCompile Include="src\transform.cpp">
      <Filter>Source Files\Pic2Sym</Filter>
    </ClCompile>
    <ClCompile Include="src\tinySymsProvider.cpp">
      <Filter>Source Files\Pic2Sym</Filter>
    </ClCompile>
    <ClCompile Include="src\tinySymsDataSerialization.cpp">
      <Filter>Source Files\Pic2Sym</Filter>
    </ClCompile>
    <ClCompile Include="src\tinySym.cpp">
      <Filter>Source Files\Pic2Sym</Filter>
    </ClCompile>
    <ClCompile Include="src\timing.cpp">
      <Filter>Source Files\Pic2Sym</Filter>
    </ClCompile>
    <ClCompile Include="src\symsSerialization.cpp">
      <Filter>Source Files\Pic2Sym</Filter>
    </ClCompile>
    <ClCompile Include="src\symSettings.cpp">
      <Filter>Source Files\Pic2Sym</Filter>
    </ClCompile>
    <ClCompile Include="src\symFilter.cpp">
      <Filter>Source Files\Pic2Sym</Filter>
    </ClCompile>
    <ClCompile Include="src\symData.cpp">
      <Filter>Source Files\Pic2Sym</Filter>
    </ClCompile>
    <ClCompile Include="src\symbolsSupportWithPreselection.cpp">
      <Filter>Source Files\Pic2Sym</Filter>
    </ClCompile>
    <ClCompile Include="src\symbolsSupport.cpp">
      <Filter>Source Files\Pic2Sym</Filter>
    </ClCompile>
    <ClCompile Include="src\structuralSimilarity.cpp">
      <Filter>Source Files\Pic2Sym</Filter>
    </ClCompile>
    <ClCompile Include="src\sievesSymsFilter.cpp">
      <Filter>Source Files\Pic2Sym</Filter>
    </ClCompile>
    <ClCompile Include="src\propsReader.cpp">
      <Filter>Source Files\Pic2Sym</Filter>
    </ClCompile>
    <ClCompile Include="src\presentation.cpp">
      <Filter>Source Files\Pic2Sym</Filter>
    </ClCompile>
    <ClCompile Include="src\preselectSyms.cpp">
      <Filter>Source Files\Pic2Sym</Filter>
    </ClCompile>
    <ClCompile Include="src\preselectManager.cpp">
      <Filter>Source Files\Pic2Sym</Filter>
    </ClCompile>
    <ClCompile Include="src\pixMapSym.cpp">
      <Filter>Source Files\Pic2Sym</Filter>
    </ClCompile>
    <ClCompile Include="src\patch.cpp">
      <Filter>Source Files\Pic2Sym</Filter>
    </ClCompile>
    <ClCompile Include="src\partitionClustering.cpp">
      <Filter>Source Files\Pic2Sym</Filter>
    </ClCompile>
    <ClCompile Include="src\noClustering.cpp">
      <Filter>Source Files\Pic2Sym</Filter>
    </ClCompile>
    <ClCompile Include="src\misc.cpp">
      <Filter>Source Files\Pic2Sym</Filter>
    </ClCompile>
    <ClCompile Include="src\matchSupportWithPreselection.cpp">
      <Filter>Source Files\Pic2Sym</Filter>
    </ClCompile>
    <ClCompile Include="src\matchSupport.cpp">
      <Filter>Source Files\Pic2Sym</Filter>
    </ClCompile>
    <ClCompile Include="src\matchSettings.cpp">
      <Filter>Source Files\Pic2Sym</Filter>
    </ClCompile>
    <ClCompile Include="src\matchParams.cpp">
      <Filter>Source Files\Pic2Sym</Filter>
    </ClCompile>
    <ClCompile Include="src\matchEngine.cpp">
      <Filter>Source Files\Pic2Sym</Filter>
    </ClCompile>
    <ClCompile Include="src\matchAssessment.cpp">
      <Filter>Source Files\Pic2Sym</Filter>
    </ClCompile>
    <ClCompile Include="src\matchAspectsFactory.cpp">
      <Filter>Source Files\Pic2Sym</Filter>
    </ClCompile>
    <ClCompile Include="src\match.cpp">
      <Filter>Source Files\Pic2Sym</Filter>
    </ClCompile>
    <ClCompile Include="src\img.cpp">
      <Filter>Source Files\Pic2Sym</Filter>
    </ClCompile>
    <ClCompile Include="src\gridBarsFilter.cpp">
      <Filter>Source Files\Pic2Sym</Filter>
    </ClCompile>
    <ClCompile Include="src\gaussBlur.cpp">
      <Filter>Source Files\Pic2Sym</Filter>
    </ClCompile>
    <ClCompile Include="src\fontErrorsHelper.cpp">
      <Filter>Source Files\Pic2Sym</Filter>
    </ClCompile>
    <ClCompile Include="src\fontEngine.cpp">
      <Filter>Source Files\Pic2Sym</Filter>
    </ClCompile>
    <ClCompile Include="src\filledRectanglesFilter.cpp">
      <Filter>Source Files\Pic2Sym</Filter>
    </ClCompile>
    <ClCompile Include="src\extBoxBlur.cpp">
      <Filter>Source Files\Pic2Sym</Filter>
    </ClCompile>
    <ClCompile Include="src\controller.cpp">
      <Filter>Source Files\Pic2Sym</Filter>
    </ClCompile>
    <ClCompile Include="src\clusterSupportWithPreselection.cpp">
      <Filter>Source Files\Pic2Sym</Filter>
    </ClCompile>
    <ClCompile Include="src\clusterSupport.cpp">
      <Filter>Source Files\Pic2Sym</Filter>
    </ClCompile>
    <ClCompile Include="src\clusterEngine.cpp">
      <Filter>Source Files\Pic2Sym</Filter>
    </ClCompile>
    <ClCompile Include="src\clusterAlg.cpp">
      <Filter>Source Files\Pic2Sym</Filter>
    </ClCompile>
    <ClCompile Include="src\cachedData.cpp">
      <Filter>Source Files\Pic2Sym</Filter>
    </ClCompile>
    <ClCompile Include="src\bulkySymsFilter.cpp">
      <Filter>Source Files\Pic2Sym</Filter>
    </ClCompile>
    <ClCompile Include="src\boxBlur.cpp">
      <Filter>Source Files\Pic2Sym</Filter>
    </ClCompile>
    <ClCompile Include="src\blur.cpp">
      <Filter>Source Files\Pic2Sym</Filter>
    </ClCompile>
    <ClCompile Include="test\selectBranch.cpp">
      <Filter>Source Files</Filter>
    </ClCompile>
    <ClCompile Include="src\updateSymSettings.cpp">
      <Filter>Source Files\Pic2Sym</Filter>
    </ClCompile>
    <ClCompile Include="src\glyphsProgressTracker.cpp">
      <Filter>Source Files\Pic2Sym</Filter>
    </ClCompile>
    <ClCompile Include="src\picTransformProgressTracker.cpp">
      <Filter>Source Files\Pic2Sym</Filter>
    </ClCompile>
    <ClCompile Include="src\presentCmap.cpp">
      <Filter>Source Files\Pic2Sym</Filter>
    </ClCompile>
    <ClCompile Include="src\selectSymbols.cpp">
      <Filter>Source Files\Pic2Sym</Filter>
    </ClCompile>
    <ClCompile Include="src\settings.cpp">
      <Filter>Source Files\Pic2Sym</Filter>
    </ClCompile>
    <ClCompile Include="src\pmsCont.cpp">
      <Filter>Source Files\Pic2Sym</Filter>
    </ClCompile>
    <ClCompile Include="src\bestMatch.cpp">
      <Filter>Source Files\Pic2Sym</Filter>
    </ClCompile>
    <ClCompile Include="src\clusterData.cpp">
      <Filter>Source Files\Pic2Sym</Filter>
    </ClCompile>
    <ClCompile Include="src\resizedImg.cpp">
      <Filter>Source Files\Pic2Sym</Filter>
    </ClCompile>
    <ClCompile Include="src\symsChangeIssues.cpp">
      <Filter>Source Files\Pic2Sym</Filter>
    </ClCompile>
    <ClCompile Include="src\scoreThresholds.cpp">
      <Filter>Source Files\Pic2Sym</Filter>
    </ClCompile>
    <ClCompile Include="src\matchProgressWithPreselection.cpp">
      <Filter>Source Files\Pic2Sym</Filter>
    </ClCompile>
    <ClCompile Include="src\controlPanelActions.cpp">
      <Filter>Source Files\Pic2Sym</Filter>
    </ClCompile>
    <ClCompile Include="src\correlationAspect.cpp">
      <Filter>Source Files\Pic2Sym</Filter>
    </ClCompile>
    <ClCompile Include="src\precompiledHeaderGenerator.cpp">
      <Filter>Source Files\Pic2Sym</Filter>
    </ClCompile>
    <ClCompile Include="src\templatesInstantiator.cpp">
      <Filter>Source Files\Pic2Sym</Filter>
    </ClCompile>
  </ItemGroup>
  <ItemGroup>
    <None Include="Pic2Sym.licenseheader" />
    <None Include="res\vga855.fon">
      <Filter>Resource Files</Filter>
    </None>
  </ItemGroup>
  <ItemGroup>
    <ClInclude Include="test\testMain.h">
      <Filter>Header Files</Filter>
    </ClInclude>
    <ClInclude Include="test\mockDlgs.h">
      <Filter>Header Files</Filter>
    </ClInclude>
    <ClInclude Include="test\mockUi.h">
      <Filter>Header Files</Filter>
    </ClInclude>
    <ClInclude Include="test\preselectionHelper.h">
      <Filter>Header Files</Filter>
    </ClInclude>
    <ClInclude Include="test\fileIterationHelper.h">
      <Filter>Header Files</Filter>
    </ClInclude>
    <ClInclude Include="src\blur.h">
      <Filter>Header Files\Pic2Sym</Filter>
    </ClInclude>
    <ClInclude Include="src\boxBlur.h">
      <Filter>Header Files\Pic2Sym</Filter>
    </ClInclude>
    <ClInclude Include="src\bulkySymsFilter.h">
      <Filter>Header Files\Pic2Sym</Filter>
    </ClInclude>
    <ClInclude Include="src\cachedData.h">
      <Filter>Header Files\Pic2Sym</Filter>
    </ClInclude>
    <ClInclude Include="src\clusterAlg.h">
      <Filter>Header Files\Pic2Sym</Filter>
    </ClInclude>
    <ClInclude Include="src\clusterData.h">
      <Filter>Header Files\Pic2Sym</Filter>
    </ClInclude>
    <ClInclude Include="src\clusterEngine.h">
      <Filter>Header Files\Pic2Sym</Filter>
    </ClInclude>
    <ClInclude Include="src\clusterSupport.h">
      <Filter>Header Files\Pic2Sym</Filter>
    </ClInclude>
    <ClInclude Include="src\clusterSupportWithPreselection.h">
      <Filter>Header Files\Pic2Sym</Filter>
    </ClInclude>
    <ClInclude Include="src\compressOption.h">
      <Filter>Header Files\Pic2Sym</Filter>
    </ClInclude>
    <ClInclude Include="src\controller.h">
      <Filter>Header Files\Pic2Sym</Filter>
    </ClInclude>
    <ClInclude Include="src\controllerBase.h">
      <Filter>Header Files\Pic2Sym</Filter>
    </ClInclude>
    <ClInclude Include="src\extBoxBlur.h">
      <Filter>Header Files\Pic2Sym</Filter>
    </ClInclude>
    <ClInclude Include="src\filledRectanglesFilter.h">
      <Filter>Header Files\Pic2Sym</Filter>
    </ClInclude>
    <ClInclude Include="src\fontEngine.h">
      <Filter>Header Files\Pic2Sym</Filter>
    </ClInclude>
    <ClInclude Include="src\fontErrorsHelper.h">
      <Filter>Header Files\Pic2Sym</Filter>
    </ClInclude>
    <ClInclude Include="src\gaussBlur.h">
      <Filter>Header Files\Pic2Sym</Filter>
    </ClInclude>
    <ClInclude Include="src\glyphsProgressTracker.h">
      <Filter>Header Files\Pic2Sym</Filter>
    </ClInclude>
    <ClInclude Include="src\gridBarsFilter.h">
      <Filter>Header Files\Pic2Sym</Filter>
    </ClInclude>
    <ClInclude Include="src\img.h">
      <Filter>Header Files\Pic2Sym</Filter>
    </ClInclude>
    <ClInclude Include="src\imgSettings.h">
      <Filter>Header Files\Pic2Sym</Filter>
    </ClInclude>
    <ClInclude Include="src\jobMonitorBase.h">
      <Filter>Header Files\Pic2Sym</Filter>
    </ClInclude>
    <ClInclude Include="src\match.h">
      <Filter>Header Files\Pic2Sym</Filter>
    </ClInclude>
    <ClInclude Include="src\matchAspects.h">
      <Filter>Header Files\Pic2Sym</Filter>
    </ClInclude>
    <ClInclude Include="src\matchAspectsFactory.h">
      <Filter>Header Files\Pic2Sym</Filter>
    </ClInclude>
    <ClInclude Include="src\matchAssessment.h">
      <Filter>Header Files\Pic2Sym</Filter>
    </ClInclude>
    <ClInclude Include="src\matchEngine.h">
      <Filter>Header Files\Pic2Sym</Filter>
    </ClInclude>
    <ClInclude Include="src\matchParams.h">
      <Filter>Header Files\Pic2Sym</Filter>
    </ClInclude>
    <ClInclude Include="src\matchSettings.h">
      <Filter>Header Files\Pic2Sym</Filter>
    </ClInclude>
    <ClInclude Include="src\matchSupport.h">
      <Filter>Header Files\Pic2Sym</Filter>
    </ClInclude>
    <ClInclude Include="src\matchSupportWithPreselection.h">
      <Filter>Header Files\Pic2Sym</Filter>
    </ClInclude>
    <ClInclude Include="src\matSerialization.h">
      <Filter>Header Files\Pic2Sym</Filter>
    </ClInclude>
    <ClInclude Include="src\misc.h">
      <Filter>Header Files\Pic2Sym</Filter>
    </ClInclude>
    <ClInclude Include="src\noClustering.h">
      <Filter>Header Files\Pic2Sym</Filter>
    </ClInclude>
    <ClInclude Include="src\ompTrace.h">
      <Filter>Header Files\Pic2Sym</Filter>
    </ClInclude>
    <ClInclude Include="src\ompTraceSwitch.h">
      <Filter>Header Files\Pic2Sym</Filter>
    </ClInclude>
    <ClInclude Include="src\partitionClustering.h">
      <Filter>Header Files\Pic2Sym</Filter>
    </ClInclude>
    <ClInclude Include="src\patch.h">
      <Filter>Header Files\Pic2Sym</Filter>
    </ClInclude>
    <ClInclude Include="src\picTransformProgressTracker.h">
      <Filter>Header Files\Pic2Sym</Filter>
    </ClInclude>
    <ClInclude Include="src\pixMapSym.h">
      <Filter>Header Files\Pic2Sym</Filter>
    </ClInclude>
    <ClInclude Include="src\preselectManager.h">
      <Filter>Header Files\Pic2Sym</Filter>
    </ClInclude>
    <ClInclude Include="src\preselectSyms.h">
      <Filter>Header Files\Pic2Sym</Filter>
    </ClInclude>
    <ClInclude Include="src\presentCmap.h">
      <Filter>Header Files\Pic2Sym</Filter>
    </ClInclude>
    <ClInclude Include="src\propsReader.h">
      <Filter>Header Files\Pic2Sym</Filter>
    </ClInclude>
    <ClInclude Include="src\settings.h">
      <Filter>Header Files\Pic2Sym</Filter>
    </ClInclude>
    <ClInclude Include="src\sievesSymsFilter.h">
      <Filter>Header Files\Pic2Sym</Filter>
    </ClInclude>
    <ClInclude Include="src\structuralSimilarity.h">
      <Filter>Header Files\Pic2Sym</Filter>
    </ClInclude>
    <ClInclude Include="src\study.h">
      <Filter>Header Files\Pic2Sym</Filter>
    </ClInclude>
    <ClInclude Include="src\symbolsSupport.h">
      <Filter>Header Files\Pic2Sym</Filter>
    </ClInclude>
    <ClInclude Include="src\symbolsSupportWithPreselection.h">
      <Filter>Header Files\Pic2Sym</Filter>
    </ClInclude>
    <ClInclude Include="src\symData.h">
      <Filter>Header Files\Pic2Sym</Filter>
    </ClInclude>
    <ClInclude Include="src\symFilter.h">
      <Filter>Header Files\Pic2Sym</Filter>
    </ClInclude>
    <ClInclude Include="src\symFilterBase.h">
      <Filter>Header Files\Pic2Sym</Filter>
    </ClInclude>
    <ClInclude Include="src\symFilterCache.h">
      <Filter>Header Files\Pic2Sym</Filter>
    </ClInclude>
    <ClInclude Include="src\symSettings.h">
      <Filter>Header Files\Pic2Sym</Filter>
    </ClInclude>
    <ClInclude Include="src\symsSerialization.h">
      <Filter>Header Files\Pic2Sym</Filter>
    </ClInclude>
    <ClInclude Include="src\taskMonitorBase.h">
      <Filter>Header Files\Pic2Sym</Filter>
    </ClInclude>
    <ClInclude Include="src\timing.h">
      <Filter>Header Files\Pic2Sym</Filter>
    </ClInclude>
    <ClInclude Include="src\tinySym.h">
      <Filter>Header Files\Pic2Sym</Filter>
    </ClInclude>
    <ClInclude Include="src\tinySymsProvider.h">
      <Filter>Header Files\Pic2Sym</Filter>
    </ClInclude>
    <ClInclude Include="src\transform.h">
      <Filter>Header Files\Pic2Sym</Filter>
    </ClInclude>
    <ClInclude Include="src\transformSupport.h">
      <Filter>Header Files\Pic2Sym</Filter>
    </ClInclude>
    <ClInclude Include="src\transformSupportWithPreselection.h">
      <Filter>Header Files\Pic2Sym</Filter>
    </ClInclude>
    <ClInclude Include="src\ttsasClustering.h">
      <Filter>Header Files\Pic2Sym</Filter>
    </ClInclude>
    <ClInclude Include="src\unreadableSymsFilter.h">
      <Filter>Header Files\Pic2Sym</Filter>
    </ClInclude>
    <ClInclude Include="src\updateSymsActions.h">
      <Filter>Header Files\Pic2Sym</Filter>
    </ClInclude>
    <ClInclude Include="src\updateSymSettings.h">
      <Filter>Header Files\Pic2Sym</Filter>
    </ClInclude>
    <ClInclude Include="src\warnings.h">
      <Filter>Header Files\Pic2Sym</Filter>
    </ClInclude>
    <ClInclude Include="test\mockCmapPerspective.h">
      <Filter>Header Files</Filter>
    </ClInclude>
    <ClInclude Include="test\mockTransformTrace.h">
      <Filter>Header Files</Filter>
    </ClInclude>
    <ClInclude Include="test\mockJobMonitor.h">
      <Filter>Header Files</Filter>
    </ClInclude>
    <ClInclude Include="test\mockTaskMonitor.h">
      <Filter>Header Files</Filter>
    </ClInclude>
    <ClInclude Include="test\mockClusterSerialization.h">
      <Filter>Header Files</Filter>
    </ClInclude>
    <ClInclude Include="test\mockTinySymsDataSerialization.h">
      <Filter>Header Files</Filter>
    </ClInclude>
    <ClInclude Include="test\selectBranch.h">
      <Filter>Header Files</Filter>
    </ClInclude>
    <ClInclude Include="src\updateSymSettingsBase.h">
      <Filter>Header Files\Pic2Sym</Filter>
    </ClInclude>
    <ClInclude Include="src\glyphsProgressTrackerBase.h">
      <Filter>Header Files\Pic2Sym</Filter>
    </ClInclude>
    <ClInclude Include="src\picTransformProgressTrackerBase.h">
      <Filter>Header Files\Pic2Sym</Filter>
    </ClInclude>
    <ClInclude Include="src\presentCmapBase.h">
      <Filter>Header Files\Pic2Sym</Filter>
    </ClInclude>
    <ClInclude Include="src\selectSymbols.h">
      <Filter>Header Files\Pic2Sym</Filter>
    </ClInclude>
    <ClInclude Include="src\selectSymbolsBase.h">
      <Filter>Header Files\Pic2Sym</Filter>
    </ClInclude>
    <ClInclude Include="src\settingsBase.h">
      <Filter>Header Files\Pic2Sym</Filter>
    </ClInclude>
    <ClInclude Include="src\pmsCont.h">
      <Filter>Header Files\Pic2Sym</Filter>
    </ClInclude>
    <ClInclude Include="src\bestMatch.h">
      <Filter>Header Files\Pic2Sym</Filter>
    </ClInclude>
    <ClInclude Include="src\bestMatchBase.h">
      <Filter>Header Files\Pic2Sym</Filter>
    </ClInclude>
    <ClInclude Include="src\pmsContBase.h">
      <Filter>Header Files\Pic2Sym</Filter>
    </ClInclude>
    <ClInclude Include="src\clusterDataBase.h">
      <Filter>Header Files\Pic2Sym</Filter>
    </ClInclude>
    <ClInclude Include="src\matchParamsBase.h">
      <Filter>Header Files\Pic2Sym</Filter>
    </ClInclude>
    <ClInclude Include="src\patchBase.h">
      <Filter>Header Files\Pic2Sym</Filter>
    </ClInclude>
    <ClInclude Include="src\pixMapSymBase.h">
      <Filter>Header Files\Pic2Sym</Filter>
    </ClInclude>
    <ClInclude Include="src\symDataBase.h">
      <Filter>Header Files\Pic2Sym</Filter>
    </ClInclude>
    <ClInclude Include="src\tinySymBase.h">
      <Filter>Header Files\Pic2Sym</Filter>
    </ClInclude>
    <ClInclude Include="src\matchSettingsBase.h">
      <Filter>Header Files\Pic2Sym</Filter>
    </ClInclude>
    <ClInclude Include="src\symSettingsBase.h">
      <Filter>Header Files\Pic2Sym</Filter>
    </ClInclude>
    <ClInclude Include="src\imgSettingsBase.h">
      <Filter>Header Files\Pic2Sym</Filter>
    </ClInclude>
    <ClInclude Include="src\blurBase.h">
      <Filter>Header Files\Pic2Sym</Filter>
    </ClInclude>
    <ClInclude Include="src\imgBasicData.h">
      <Filter>Header Files\Pic2Sym</Filter>
    </ClInclude>
    <ClInclude Include="src\resizedImg.h">
      <Filter>Header Files\Pic2Sym</Filter>
    </ClInclude>
    <ClInclude Include="src\transformCompletion.h">
      <Filter>Header Files\Pic2Sym</Filter>
    </ClInclude>
    <ClInclude Include="src\controlPanelActions.h">
      <Filter>Header Files\Pic2Sym</Filter>
    </ClInclude>
    <ClInclude Include="src\controlPanelActionsBase.h">
      <Filter>Header Files\Pic2Sym</Filter>
    </ClInclude>
    <ClInclude Include="src\clusterEngineBase.h">
      <Filter>Header Files\Pic2Sym</Filter>
    </ClInclude>
    <ClInclude Include="src\clusterProcessingBase.h">
      <Filter>Header Files\Pic2Sym</Filter>
    </ClInclude>
    <ClInclude Include="src\clusterSupportBase.h">
      <Filter>Header Files\Pic2Sym</Filter>
    </ClInclude>
    <ClInclude Include="src\cmapInspectBase.h">
      <Filter>Header Files\Pic2Sym</Filter>
    </ClInclude>
    <ClInclude Include="src\cmapPerspectiveBase.h">
      <Filter>Header Files\Pic2Sym</Filter>
    </ClInclude>
    <ClInclude Include="src\comparatorBase.h">
      <Filter>Header Files\Pic2Sym</Filter>
    </ClInclude>
    <ClInclude Include="src\fontEngineBase.h">
      <Filter>Header Files\Pic2Sym</Filter>
    </ClInclude>
    <ClInclude Include="src\matchEngineBase.h">
      <Filter>Header Files\Pic2Sym</Filter>
    </ClInclude>
    <ClInclude Include="src\matchProgress.h">
      <Filter>Header Files\Pic2Sym</Filter>
    </ClInclude>
    <ClInclude Include="src\matchProgressWithPreselection.h">
      <Filter>Header Files\Pic2Sym</Filter>
    </ClInclude>
    <ClInclude Include="src\matchSupportBase.h">
      <Filter>Header Files\Pic2Sym</Filter>
    </ClInclude>
    <ClInclude Include="src\preselectSymsBase.h">
      <Filter>Header Files\Pic2Sym</Filter>
    </ClInclude>
    <ClInclude Include="src\resizedImgBase.h">
      <Filter>Header Files\Pic2Sym</Filter>
    </ClInclude>
    <ClInclude Include="src\scoreThresholds.h">
      <Filter>Header Files\Pic2Sym</Filter>
    </ClInclude>
    <ClInclude Include="src\scoreThresholdsBase.h">
      <Filter>Header Files\Pic2Sym</Filter>
    </ClInclude>
    <ClInclude Include="src\symbolsSupportBase.h">
      <Filter>Header Files\Pic2Sym</Filter>
    </ClInclude>
    <ClInclude Include="src\symsChangeIssues.h">
      <Filter>Header Files\Pic2Sym</Filter>
    </ClInclude>
    <ClInclude Include="src\timingBase.h">
      <Filter>Header Files\Pic2Sym</Filter>
    </ClInclude>
    <ClInclude Include="src\transformBase.h">
      <Filter>Header Files\Pic2Sym</Filter>
    </ClInclude>
    <ClInclude Include="src\transformSupportBase.h">
      <Filter>Header Files\Pic2Sym</Filter>
    </ClInclude>
    <ClInclude Include="src\viewsBase.h">
      <Filter>Header Files\Pic2Sym</Filter>
    </ClInclude>
    <ClInclude Include="src\correlationAspect.h">
      <Filter>Header Files\Pic2Sym</Filter>
    </ClInclude>
    <ClInclude Include="src\precompiled.h">
      <Filter>Header Files\Pic2Sym</Filter>
    </ClInclude>
    <ClInclude Include="src\preselCandidates.h">
      <Filter>Header Files\Pic2Sym</Filter>
    </ClInclude>
  </ItemGroup>
  <ItemGroup>
    <Font Include="res\BPmonoBold.ttf">
      <Filter>Resource Files</Filter>
    </Font>
  </ItemGroup>
  <ItemGroup>
    <Text Include="res\TestSymFilters\bulkyNegatives.txt">
      <Filter>Resource Files\SymFilters</Filter>
    </Text>
    <Text Include="res\TestSymFilters\bulkyPositives.txt">
      <Filter>Resource Files\SymFilters</Filter>
    </Text>
    <Text Include="res\TestSymFilters\filledRectanglesNegatives.txt">
      <Filter>Resource Files\SymFilters</Filter>
    </Text>
    <Text Include="res\TestSymFilters\filledRectanglesPositives.txt">
      <Filter>Resource Files\SymFilters</Filter>
    </Text>
    <Text Include="res\TestSymFilters\gridBarsNegatives.txt">
      <Filter>Resource Files\SymFilters</Filter>
    </Text>
    <Text Include="res\TestSymFilters\gridBarsPositives.txt">
      <Filter>Resource Files\SymFilters</Filter>
    </Text>
    <Text Include="res\TestSymFilters\sievesNegatives.txt">
      <Filter>Resource Files\SymFilters</Filter>
    </Text>
    <Text Include="res\TestSymFilters\sievesPositives.txt">
      <Filter>Resource Files\SymFilters</Filter>
    </Text>
    <Text Include="res\TestSymFilters\unreadableNegatives.txt">
      <Filter>Resource Files\SymFilters</Filter>
    </Text>
    <Text Include="res\TestSymFilters\unreadablePositives.txt">
      <Filter>Resource Files\SymFilters</Filter>
    </Text>
  </ItemGroup>
  <ItemGroup>
    <Natvis Include="GSL.natvis" />
  </ItemGroup>
</Project>